
Microsoft Visual Studio Solution File, Format Version 12.00
# Visual Studio Version 17
VisualStudioVersion = 17.3.32825.248
MinimumVisualStudioVersion = 10.0.40219.1
Project("{888888A0-9F3D-457C-B088-3A5042F75D52}") = "LogicLab1FINAL", "LogicLab1FINAL\LogicLab1FINAL.pyproj", "{62D89351-D4B0-43BF-AEF2-92939ABA565A}"
EndProject
Global
	GlobalSection(SolutionConfigurationPlatforms) = preSolution
		Debug|Any CPU = Debug|Any CPU
		Release|Any CPU = Release|Any CPU
	EndGlobalSection
	GlobalSection(ProjectConfigurationPlatforms) = postSolution
		{62D89351-D4B0-43BF-AEF2-92939ABA565A}.Debug|Any CPU.ActiveCfg = Debug|Any CPU
		{62D89351-D4B0-43BF-AEF2-92939ABA565A}.Release|Any CPU.ActiveCfg = Release|Any CPU
	EndGlobalSection
	GlobalSection(SolutionProperties) = preSolution
		HideSolutionNode = FALSE
	EndGlobalSection
	GlobalSection(ExtensibilityGlobals) = postSolution
		SolutionGuid = {7BA36264-A2C1-44C6-8963-E2A7DA1C28A0}
	EndGlobalSection
EndGlobal
